
Microsoft Visual Studio Solution File, Format Version 12.00
# Visual Studio Version 16
VisualStudioVersion = 16.0.29920.165
MinimumVisualStudioVersion = 10.0.40219.1
Project("{FAE04EC0-301F-11D3-BF4B-00C04F79EFBC}") = "Mikroszimulácuó", "Mikroszimulácuó.csproj", "{4AB284C3-7FAC-4D54-81DD-47BA2F3692C1}"
EndProject
Global
	GlobalSection(SolutionConfigurationPlatforms) = preSolution
		Debug|Any CPU = Debug|Any CPU
		Release|Any CPU = Release|Any CPU
	EndGlobalSection
	GlobalSection(ProjectConfigurationPlatforms) = postSolution
		{4AB284C3-7FAC-4D54-81DD-47BA2F3692C1}.Debug|Any CPU.ActiveCfg = Debug|Any CPU
		{4AB284C3-7FAC-4D54-81DD-47BA2F3692C1}.Debug|Any CPU.Build.0 = Debug|Any CPU
		{4AB284C3-7FAC-4D54-81DD-47BA2F3692C1}.Release|Any CPU.ActiveCfg = Release|Any CPU
		{4AB284C3-7FAC-4D54-81DD-47BA2F3692C1}.Release|Any CPU.Build.0 = Release|Any CPU
	EndGlobalSection
	GlobalSection(SolutionProperties) = preSolution
		HideSolutionNode = FALSE
	EndGlobalSection
	GlobalSection(ExtensibilityGlobals) = postSolution
		SolutionGuid = {E5B1BD9A-5B1E-48A5-84D1-F2D6123CB26B}
	EndGlobalSection
EndGlobal
